
Microsoft Visual Studio Solution File, Format Version 12.00
# Visual Studio Version 16
VisualStudioVersion = 16.0.30802.117
MinimumVisualStudioVersion = 10.0.40219.1
Project("{2150E333-8FDC-42A3-9474-1A3956D46DE8}") = "0-Api", "0-Api", "{AFF63FE4-2DB9-44BE-90CB-80900D4B6144}"
EndProject
Project("{9A19103F-16F7-4668-BE54-9A1E7A4F7556}") = "Api", "Api\Api.csproj", "{118B4CDB-36E2-4792-B60C-13D11D8E7DAA}"
EndProject
Project("{2150E333-8FDC-42A3-9474-1A3956D46DE8}") = "1-Business", "1-Business", "{683EC03C-4883-44A3-A1EF-68EDDE6D520D}"
EndProject
Project("{2150E333-8FDC-42A3-9474-1A3956D46DE8}") = "2-Repository", "2-Repository", "{B9DADD1B-9186-4873-A6F7-0A6873B9A06C}"
EndProject
Project("{9A19103F-16F7-4668-BE54-9A1E7A4F7556}") = "Business", "Business\Business.csproj", "{4D310ABB-BCB4-4A23-9779-4547F4902C15}"
EndProject
Project("{9A19103F-16F7-4668-BE54-9A1E7A4F7556}") = "Repo", "Repo\Repo.csproj", "{A5E19436-7636-4551-A303-61CB620E17F1}"
EndProject
Project("{FAE04EC0-301F-11D3-BF4B-00C04F79EFBC}") = "IoC", "IoC\IoC.csproj", "{04C39957-FD04-47C7-A808-3170968C3E08}"
EndProject
Project("{FAE04EC0-301F-11D3-BF4B-00C04F79EFBC}") = "IRepo", "IRepo\IRepo.csproj", "{8D024A6F-D168-4DF0-AA18-E2C723E2420E}"
EndProject
Project("{FAE04EC0-301F-11D3-BF4B-00C04F79EFBC}") = "RepoModels", "RepoModels\RepoModels.csproj", "{B561BC0A-9BD0-4716-A3EE-A47301950C67}"
EndProject
Global
	GlobalSection(SolutionConfigurationPlatforms) = preSolution
		Debug|Any CPU = Debug|Any CPU
		Release|Any CPU = Release|Any CPU
	EndGlobalSection
	GlobalSection(ProjectConfigurationPlatforms) = postSolution
		{118B4CDB-36E2-4792-B60C-13D11D8E7DAA}.Debug|Any CPU.ActiveCfg = Debug|Any CPU
		{118B4CDB-36E2-4792-B60C-13D11D8E7DAA}.Debug|Any CPU.Build.0 = Debug|Any CPU
		{118B4CDB-36E2-4792-B60C-13D11D8E7DAA}.Release|Any CPU.ActiveCfg = Release|Any CPU
		{118B4CDB-36E2-4792-B60C-13D11D8E7DAA}.Release|Any CPU.Build.0 = Release|Any CPU
		{4D310ABB-BCB4-4A23-9779-4547F4902C15}.Debug|Any CPU.ActiveCfg = Debug|Any CPU
		{4D310ABB-BCB4-4A23-9779-4547F4902C15}.Debug|Any CPU.Build.0 = Debug|Any CPU
		{4D310ABB-BCB4-4A23-9779-4547F4902C15}.Release|Any CPU.ActiveCfg = Release|Any CPU
		{4D310ABB-BCB4-4A23-9779-4547F4902C15}.Release|Any CPU.Build.0 = Release|Any CPU
		{A5E19436-7636-4551-A303-61CB620E17F1}.Debug|Any CPU.ActiveCfg = Debug|Any CPU
		{A5E19436-7636-4551-A303-61CB620E17F1}.Debug|Any CPU.Build.0 = Debug|Any CPU
		{A5E19436-7636-4551-A303-61CB620E17F1}.Release|Any CPU.ActiveCfg = Release|Any CPU
		{A5E19436-7636-4551-A303-61CB620E17F1}.Release|Any CPU.Build.0 = Release|Any CPU
		{04C39957-FD04-47C7-A808-3170968C3E08}.Debug|Any CPU.ActiveCfg = Debug|Any CPU
		{04C39957-FD04-47C7-A808-3170968C3E08}.Debug|Any CPU.Build.0 = Debug|Any CPU
		{04C39957-FD04-47C7-A808-3170968C3E08}.Release|Any CPU.ActiveCfg = Release|Any CPU
		{04C39957-FD04-47C7-A808-3170968C3E08}.Release|Any CPU.Build.0 = Release|Any CPU
		{8D024A6F-D168-4DF0-AA18-E2C723E2420E}.Debug|Any CPU.ActiveCfg = Debug|Any CPU
		{8D024A6F-D168-4DF0-AA18-E2C723E2420E}.Debug|Any CPU.Build.0 = Debug|Any CPU
		{8D024A6F-D168-4DF0-AA18-E2C723E2420E}.Release|Any CPU.ActiveCfg = Release|Any CPU
		{8D024A6F-D168-4DF0-AA18-E2C723E2420E}.Release|Any CPU.Build.0 = Release|Any CPU
		{B561BC0A-9BD0-4716-A3EE-A47301950C67}.Debug|Any CPU.ActiveCfg = Debug|Any CPU
		{B561BC0A-9BD0-4716-A3EE-A47301950C67}.Debug|Any CPU.Build.0 = Debug|Any CPU
		{B561BC0A-9BD0-4716-A3EE-A47301950C67}.Release|Any CPU.ActiveCfg = Release|Any CPU
		{B561BC0A-9BD0-4716-A3EE-A47301950C67}.Release|Any CPU.Build.0 = Release|Any CPU
	EndGlobalSection
	GlobalSection(SolutionProperties) = preSolution
		HideSolutionNode = FALSE
	EndGlobalSection
	GlobalSection(NestedProjects) = preSolution
		{118B4CDB-36E2-4792-B60C-13D11D8E7DAA} = {AFF63FE4-2DB9-44BE-90CB-80900D4B6144}
		{4D310ABB-BCB4-4A23-9779-4547F4902C15} = {683EC03C-4883-44A3-A1EF-68EDDE6D520D}
		{A5E19436-7636-4551-A303-61CB620E17F1} = {B9DADD1B-9186-4873-A6F7-0A6873B9A06C}
		{04C39957-FD04-47C7-A808-3170968C3E08} = {AFF63FE4-2DB9-44BE-90CB-80900D4B6144}
		{8D024A6F-D168-4DF0-AA18-E2C723E2420E} = {B9DADD1B-9186-4873-A6F7-0A6873B9A06C}
		{B561BC0A-9BD0-4716-A3EE-A47301950C67} = {B9DADD1B-9186-4873-A6F7-0A6873B9A06C}
	EndGlobalSection
	GlobalSection(ExtensibilityGlobals) = postSolution
		SolutionGuid = {0D56FDA7-F1F1-4948-9D5B-61A4066347B1}
	EndGlobalSection
EndGlobal
